
Microsoft Visual Studio Solution File, Format Version 12.00
# Visual Studio Version 16
VisualStudioVersion = 16.0.30002.166
MinimumVisualStudioVersion = 10.0.40219.1
Project("{9A19103F-16F7-4668-BE54-9A1E7A4F7556}") = "Taxi.Common", "Taxi.Common\Taxi.Common.csproj", "{BAFF23A4-40BC-4B14-A122-2DDB9CA1FECD}"
EndProject
Project("{9A19103F-16F7-4668-BE54-9A1E7A4F7556}") = "Taxi.Web", "Taxi.Web\Taxi.Web.csproj", "{5865E185-82EB-4B0E-96FC-DD183967477D}"
EndProject
Project("{FAE04EC0-301F-11D3-BF4B-00C04F79EFBC}") = "Taxi.Prism", "Taxi.Prism\Taxi.Prism\Taxi.Prism.csproj", "{B48EB5A8-C739-42FE-81A9-61DF17740E61}"
EndProject
Project("{FAE04EC0-301F-11D3-BF4B-00C04F79EFBC}") = "Taxi.Prism.Android", "Taxi.Prism\Taxi.Prism.Android\Taxi.Prism.Android.csproj", "{C0BC56C1-E7D9-41AB-8D9E-021D34BA6632}"
EndProject
Project("{FAE04EC0-301F-11D3-BF4B-00C04F79EFBC}") = "Taxi.Prism.iOS", "Taxi.Prism\Taxi.Prism.iOS\Taxi.Prism.iOS.csproj", "{56525153-F2A7-45C0-8DED-5071F46442EE}"
EndProject
Project("{FAE04EC0-301F-11D3-BF4B-00C04F79EFBC}") = "Taxi.Cross.Android", "Taxi.Cross.Android\Taxi.Cross.Android.csproj", "{64C4DC14-ACDA-4610-8158-06759DD38310}"
EndProject
Project("{FAE04EC0-301F-11D3-BF4B-00C04F79EFBC}") = "Taxi.Cross.iOS", "Taxi.Cross.iOS\Taxi.Cross.iOS.csproj", "{C624DA30-E05C-487B-87B9-EA50930FE407}"
EndProject
Global
	GlobalSection(SolutionConfigurationPlatforms) = preSolution
		Ad-Hoc|Any CPU = Ad-Hoc|Any CPU
		Ad-Hoc|iPhone = Ad-Hoc|iPhone
		Ad-Hoc|iPhoneSimulator = Ad-Hoc|iPhoneSimulator
		AppStore|Any CPU = AppStore|Any CPU
		AppStore|iPhone = AppStore|iPhone
		AppStore|iPhoneSimulator = AppStore|iPhoneSimulator
		Debug|Any CPU = Debug|Any CPU
		Debug|iPhone = Debug|iPhone
		Debug|iPhoneSimulator = Debug|iPhoneSimulator
		Release|Any CPU = Release|Any CPU
		Release|iPhone = Release|iPhone
		Release|iPhoneSimulator = Release|iPhoneSimulator
	EndGlobalSection
	GlobalSection(ProjectConfigurationPlatforms) = postSolution
		{BAFF23A4-40BC-4B14-A122-2DDB9CA1FECD}.Ad-Hoc|Any CPU.ActiveCfg = Release|Any CPU
		{BAFF23A4-40BC-4B14-A122-2DDB9CA1FECD}.Ad-Hoc|Any CPU.Build.0 = Release|Any CPU
		{BAFF23A4-40BC-4B14-A122-2DDB9CA1FECD}.Ad-Hoc|iPhone.ActiveCfg = Release|Any CPU
		{BAFF23A4-40BC-4B14-A122-2DDB9CA1FECD}.Ad-Hoc|iPhone.Build.0 = Release|Any CPU
		{BAFF23A4-40BC-4B14-A122-2DDB9CA1FECD}.Ad-Hoc|iPhoneSimulator.ActiveCfg = Release|Any CPU
		{BAFF23A4-40BC-4B14-A122-2DDB9CA1FECD}.Ad-Hoc|iPhoneSimulator.Build.0 = Release|Any CPU
		{BAFF23A4-40BC-4B14-A122-2DDB9CA1FECD}.AppStore|Any CPU.ActiveCfg = Release|Any CPU
		{BAFF23A4-40BC-4B14-A122-2DDB9CA1FECD}.AppStore|Any CPU.Build.0 = Release|Any CPU
		{BAFF23A4-40BC-4B14-A122-2DDB9CA1FECD}.AppStore|iPhone.ActiveCfg = Release|Any CPU
		{BAFF23A4-40BC-4B14-A122-2DDB9CA1FECD}.AppStore|iPhone.Build.0 = Release|Any CPU
		{BAFF23A4-40BC-4B14-A122-2DDB9CA1FECD}.AppStore|iPhoneSimulator.ActiveCfg = Release|Any CPU
		{BAFF23A4-40BC-4B14-A122-2DDB9CA1FECD}.AppStore|iPhoneSimulator.Build.0 = Release|Any CPU
		{BAFF23A4-40BC-4B14-A122-2DDB9CA1FECD}.Debug|Any CPU.ActiveCfg = Debug|Any CPU
		{BAFF23A4-40BC-4B14-A122-2DDB9CA1FECD}.Debug|Any CPU.Build.0 = Debug|Any CPU
		{BAFF23A4-40BC-4B14-A122-2DDB9CA1FECD}.Debug|iPhone.ActiveCfg = Debug|Any CPU
		{BAFF23A4-40BC-4B14-A122-2DDB9CA1FECD}.Debug|iPhone.Build.0 = Debug|Any CPU
		{BAFF23A4-40BC-4B14-A122-2DDB9CA1FECD}.Debug|iPhoneSimulator.ActiveCfg = Debug|Any CPU
		{BAFF23A4-40BC-4B14-A122-2DDB9CA1FECD}.Debug|iPhoneSimulator.Build.0 = Debug|Any CPU
		{BAFF23A4-40BC-4B14-A122-2DDB9CA1FECD}.Release|Any CPU.ActiveCfg = Release|Any CPU
		{BAFF23A4-40BC-4B14-A122-2DDB9CA1FECD}.Release|Any CPU.Build.0 = Release|Any CPU
		{BAFF23A4-40BC-4B14-A122-2DDB9CA1FECD}.Release|iPhone.ActiveCfg = Release|Any CPU
		{BAFF23A4-40BC-4B14-A122-2DDB9CA1FECD}.Release|iPhone.Build.0 = Release|Any CPU
		{BAFF23A4-40BC-4B14-A122-2DDB9CA1FECD}.Release|iPhoneSimulator.ActiveCfg = Release|Any CPU
		{BAFF23A4-40BC-4B14-A122-2DDB9CA1FECD}.Release|iPhoneSimulator.Build.0 = Release|Any CPU
		{5865E185-82EB-4B0E-96FC-DD183967477D}.Ad-Hoc|Any CPU.ActiveCfg = Release|Any CPU
		{5865E185-82EB-4B0E-96FC-DD183967477D}.Ad-Hoc|Any CPU.Build.0 = Release|Any CPU
		{5865E185-82EB-4B0E-96FC-DD183967477D}.Ad-Hoc|iPhone.ActiveCfg = Release|Any CPU
		{5865E185-82EB-4B0E-96FC-DD183967477D}.Ad-Hoc|iPhone.Build.0 = Release|Any CPU
		{5865E185-82EB-4B0E-96FC-DD183967477D}.Ad-Hoc|iPhoneSimulator.ActiveCfg = Release|Any CPU
		{5865E185-82EB-4B0E-96FC-DD183967477D}.Ad-Hoc|iPhoneSimulator.Build.0 = Release|Any CPU
		{5865E185-82EB-4B0E-96FC-DD183967477D}.AppStore|Any CPU.ActiveCfg = Release|Any CPU
		{5865E185-82EB-4B0E-96FC-DD183967477D}.AppStore|Any CPU.Build.0 = Release|Any CPU
		{5865E185-82EB-4B0E-96FC-DD183967477D}.AppStore|iPhone.ActiveCfg = Release|Any CPU
		{5865E185-82EB-4B0E-96FC-DD183967477D}.AppStore|iPhone.Build.0 = Release|Any CPU
		{5865E185-82EB-4B0E-96FC-DD183967477D}.AppStore|iPhoneSimulator.ActiveCfg = Release|Any CPU
		{5865E185-82EB-4B0E-96FC-DD183967477D}.AppStore|iPhoneSimulator.Build.0 = Release|Any CPU
		{5865E185-82EB-4B0E-96FC-DD183967477D}.Debug|Any CPU.ActiveCfg = Debug|Any CPU
		{5865E185-82EB-4B0E-96FC-DD183967477D}.Debug|Any CPU.Build.0 = Debug|Any CPU
		{5865E185-82EB-4B0E-96FC-DD183967477D}.Debug|iPhone.ActiveCfg = Debug|Any CPU
		{5865E185-82EB-4B0E-96FC-DD183967477D}.Debug|iPhone.Build.0 = Debug|Any CPU
		{5865E185-82EB-4B0E-96FC-DD183967477D}.Debug|iPhoneSimulator.ActiveCfg = Debug|Any CPU
		{5865E185-82EB-4B0E-96FC-DD183967477D}.Debug|iPhoneSimulator.Build.0 = Debug|Any CPU
		{5865E185-82EB-4B0E-96FC-DD183967477D}.Release|Any CPU.ActiveCfg = Release|Any CPU
		{5865E185-82EB-4B0E-96FC-DD183967477D}.Release|Any CPU.Build.0 = Release|Any CPU
		{5865E185-82EB-4B0E-96FC-DD183967477D}.Release|iPhone.ActiveCfg = Release|Any CPU
		{5865E185-82EB-4B0E-96FC-DD183967477D}.Release|iPhone.Build.0 = Release|Any CPU
		{5865E185-82EB-4B0E-96FC-DD183967477D}.Release|iPhoneSimulator.ActiveCfg = Release|Any CPU
		{5865E185-82EB-4B0E-96FC-DD183967477D}.Release|iPhoneSimulator.Build.0 = Release|Any CPU
		{B48EB5A8-C739-42FE-81A9-61DF17740E61}.Ad-Hoc|Any CPU.ActiveCfg = Debug|Any CPU
		{B48EB5A8-C739-42FE-81A9-61DF17740E61}.Ad-Hoc|Any CPU.Build.0 = Debug|Any CPU
		{B48EB5A8-C739-42FE-81A9-61DF17740E61}.Ad-Hoc|iPhone.ActiveCfg = Debug|Any CPU
		{B48EB5A8-C739-42FE-81A9-61DF17740E61}.Ad-Hoc|iPhone.Build.0 = Debug|Any CPU
		{B48EB5A8-C739-42FE-81A9-61DF17740E61}.Ad-Hoc|iPhoneSimulator.ActiveCfg = Debug|Any CPU
		{B48EB5A8-C739-42FE-81A9-61DF17740E61}.Ad-Hoc|iPhoneSimulator.Build.0 = Debug|Any CPU
		{B48EB5A8-C739-42FE-81A9-61DF17740E61}.AppStore|Any CPU.ActiveCfg = Debug|Any CPU
		{B48EB5A8-C739-42FE-81A9-61DF17740E61}.AppStore|Any CPU.Build.0 = Debug|Any CPU
		{B48EB5A8-C739-42FE-81A9-61DF17740E61}.AppStore|iPhone.ActiveCfg = Debug|Any CPU
		{B48EB5A8-C739-42FE-81A9-61DF17740E61}.AppStore|iPhone.Build.0 = Debug|Any CPU
		{B48EB5A8-C739-42FE-81A9-61DF17740E61}.AppStore|iPhoneSimulator.ActiveCfg = Debug|Any CPU
		{B48EB5A8-C739-42FE-81A9-61DF17740E61}.AppStore|iPhoneSimulator.Build.0 = Debug|Any CPU
		{B48EB5A8-C739-42FE-81A9-61DF17740E61}.Debug|Any CPU.ActiveCfg = Debug|Any CPU
		{B48EB5A8-C739-42FE-81A9-61DF17740E61}.Debug|Any CPU.Build.0 = Debug|Any CPU
		{B48EB5A8-C739-42FE-81A9-61DF17740E61}.Debug|iPhone.ActiveCfg = Debug|Any CPU
		{B48EB5A8-C739-42FE-81A9-61DF17740E61}.Debug|iPhone.Build.0 = Debug|Any CPU
		{B48EB5A8-C739-42FE-81A9-61DF17740E61}.Debug|iPhoneSimulator.ActiveCfg = Debug|Any CPU
		{B48EB5A8-C739-42FE-81A9-61DF17740E61}.Debug|iPhoneSimulator.Build.0 = Debug|Any CPU
		{B48EB5A8-C739-42FE-81A9-61DF17740E61}.Release|Any CPU.ActiveCfg = Release|Any CPU
		{B48EB5A8-C739-42FE-81A9-61DF17740E61}.Release|Any CPU.Build.0 = Release|Any CPU
		{B48EB5A8-C739-42FE-81A9-61DF17740E61}.Release|iPhone.ActiveCfg = Release|Any CPU
		{B48EB5A8-C739-42FE-81A9-61DF17740E61}.Release|iPhone.Build.0 = Release|Any CPU
		{B48EB5A8-C739-42FE-81A9-61DF17740E61}.Release|iPhoneSimulator.ActiveCfg = Release|Any CPU
		{B48EB5A8-C739-42FE-81A9-61DF17740E61}.Release|iPhoneSimulator.Build.0 = Release|Any CPU
		{C0BC56C1-E7D9-41AB-8D9E-021D34BA6632}.Ad-Hoc|Any CPU.ActiveCfg = Release|Any CPU
		{C0BC56C1-E7D9-41AB-8D9E-021D34BA6632}.Ad-Hoc|Any CPU.Build.0 = Release|Any CPU
		{C0BC56C1-E7D9-41AB-8D9E-021D34BA6632}.Ad-Hoc|Any CPU.Deploy.0 = Release|Any CPU
		{C0BC56C1-E7D9-41AB-8D9E-021D34BA6632}.Ad-Hoc|iPhone.ActiveCfg = Release|Any CPU
		{C0BC56C1-E7D9-41AB-8D9E-021D34BA6632}.Ad-Hoc|iPhone.Build.0 = Release|Any CPU
		{C0BC56C1-E7D9-41AB-8D9E-021D34BA6632}.Ad-Hoc|iPhone.Deploy.0 = Release|Any CPU
		{C0BC56C1-E7D9-41AB-8D9E-021D34BA6632}.Ad-Hoc|iPhoneSimulator.ActiveCfg = Release|Any CPU
		{C0BC56C1-E7D9-41AB-8D9E-021D34BA6632}.Ad-Hoc|iPhoneSimulator.Build.0 = Release|Any CPU
		{C0BC56C1-E7D9-41AB-8D9E-021D34BA6632}.Ad-Hoc|iPhoneSimulator.Deploy.0 = Release|Any CPU
		{C0BC56C1-E7D9-41AB-8D9E-021D34BA6632}.AppStore|Any CPU.ActiveCfg = Release|Any CPU
		{C0BC56C1-E7D9-41AB-8D9E-021D34BA6632}.AppStore|Any CPU.Build.0 = Release|Any CPU
		{C0BC56C1-E7D9-41AB-8D9E-021D34BA6632}.AppStore|Any CPU.Deploy.0 = Release|Any CPU
		{C0BC56C1-E7D9-41AB-8D9E-021D34BA6632}.AppStore|iPhone.ActiveCfg = Release|Any CPU
		{C0BC56C1-E7D9-41AB-8D9E-021D34BA6632}.AppStore|iPhone.Build.0 = Release|Any CPU
		{C0BC56C1-E7D9-41AB-8D9E-021D34BA6632}.AppStore|iPhone.Deploy.0 = Release|Any CPU
		{C0BC56C1-E7D9-41AB-8D9E-021D34BA6632}.AppStore|iPhoneSimulator.ActiveCfg = Release|Any CPU
		{C0BC56C1-E7D9-41AB-8D9E-021D34BA6632}.AppStore|iPhoneSimulator.Build.0 = Release|Any CPU
		{C0BC56C1-E7D9-41AB-8D9E-021D34BA6632}.AppStore|iPhoneSimulator.Deploy.0 = Release|Any CPU
		{C0BC56C1-E7D9-41AB-8D9E-021D34BA6632}.Debug|Any CPU.ActiveCfg = Debug|Any CPU
		{C0BC56C1-E7D9-41AB-8D9E-021D34BA6632}.Debug|Any CPU.Build.0 = Debug|Any CPU
		{C0BC56C1-E7D9-41AB-8D9E-021D34BA6632}.Debug|Any CPU.Deploy.0 = Debug|Any CPU
		{C0BC56C1-E7D9-41AB-8D9E-021D34BA6632}.Debug|iPhone.ActiveCfg = Debug|Any CPU
		{C0BC56C1-E7D9-41AB-8D9E-021D34BA6632}.Debug|iPhone.Build.0 = Debug|Any CPU
		{C0BC56C1-E7D9-41AB-8D9E-021D34BA6632}.Debug|iPhone.Deploy.0 = Debug|Any CPU
		{C0BC56C1-E7D9-41AB-8D9E-021D34BA6632}.Debug|iPhoneSimulator.ActiveCfg = Debug|Any CPU
		{C0BC56C1-E7D9-41AB-8D9E-021D34BA6632}.Debug|iPhoneSimulator.Build.0 = Debug|Any CPU
		{C0BC56C1-E7D9-41AB-8D9E-021D34BA6632}.Debug|iPhoneSimulator.Deploy.0 = Debug|Any CPU
		{C0BC56C1-E7D9-41AB-8D9E-021D34BA6632}.Release|Any CPU.ActiveCfg = Release|Any CPU
		{C0BC56C1-E7D9-41AB-8D9E-021D34BA6632}.Release|Any CPU.Build.0 = Release|Any CPU
		{C0BC56C1-E7D9-41AB-8D9E-021D34BA6632}.Release|Any CPU.Deploy.0 = Release|Any CPU
		{C0BC56C1-E7D9-41AB-8D9E-021D34BA6632}.Release|iPhone.ActiveCfg = Release|Any CPU
		{C0BC56C1-E7D9-41AB-8D9E-021D34BA6632}.Release|iPhone.Build.0 = Release|Any CPU
		{C0BC56C1-E7D9-41AB-8D9E-021D34BA6632}.Release|iPhone.Deploy.0 = Release|Any CPU
		{C0BC56C1-E7D9-41AB-8D9E-021D34BA6632}.Release|iPhoneSimulator.ActiveCfg = Release|Any CPU
		{C0BC56C1-E7D9-41AB-8D9E-021D34BA6632}.Release|iPhoneSimulator.Build.0 = Release|Any CPU
		{C0BC56C1-E7D9-41AB-8D9E-021D34BA6632}.Release|iPhoneSimulator.Deploy.0 = Release|Any CPU
		{56525153-F2A7-45C0-8DED-5071F46442EE}.Ad-Hoc|Any CPU.ActiveCfg = Ad-Hoc|iPhone
		{56525153-F2A7-45C0-8DED-5071F46442EE}.Ad-Hoc|iPhone.ActiveCfg = Ad-Hoc|iPhone
		{56525153-F2A7-45C0-8DED-5071F46442EE}.Ad-Hoc|iPhone.Build.0 = Ad-Hoc|iPhone
		{56525153-F2A7-45C0-8DED-5071F46442EE}.Ad-Hoc|iPhoneSimulator.ActiveCfg = Ad-Hoc|iPhoneSimulator
		{56525153-F2A7-45C0-8DED-5071F46442EE}.Ad-Hoc|iPhoneSimulator.Build.0 = Ad-Hoc|iPhoneSimulator
		{56525153-F2A7-45C0-8DED-5071F46442EE}.AppStore|Any CPU.ActiveCfg = AppStore|iPhone
		{56525153-F2A7-45C0-8DED-5071F46442EE}.AppStore|iPhone.ActiveCfg = AppStore|iPhone
		{56525153-F2A7-45C0-8DED-5071F46442EE}.AppStore|iPhone.Build.0 = AppStore|iPhone
		{56525153-F2A7-45C0-8DED-5071F46442EE}.AppStore|iPhoneSimulator.ActiveCfg = AppStore|iPhoneSimulator
		{56525153-F2A7-45C0-8DED-5071F46442EE}.AppStore|iPhoneSimulator.Build.0 = AppStore|iPhoneSimulator
		{56525153-F2A7-45C0-8DED-5071F46442EE}.Debug|Any CPU.ActiveCfg = Debug|iPhone
		{56525153-F2A7-45C0-8DED-5071F46442EE}.Debug|iPhone.ActiveCfg = Debug|iPhone
		{56525153-F2A7-45C0-8DED-5071F46442EE}.Debug|iPhone.Build.0 = Debug|iPhone
		{56525153-F2A7-45C0-8DED-5071F46442EE}.Debug|iPhoneSimulator.ActiveCfg = Debug|iPhoneSimulator
		{56525153-F2A7-45C0-8DED-5071F46442EE}.Debug|iPhoneSimulator.Build.0 = Debug|iPhoneSimulator
		{56525153-F2A7-45C0-8DED-5071F46442EE}.Release|Any CPU.ActiveCfg = Release|iPhone
		{56525153-F2A7-45C0-8DED-5071F46442EE}.Release|iPhone.ActiveCfg = Release|iPhone
		{56525153-F2A7-45C0-8DED-5071F46442EE}.Release|iPhone.Build.0 = Release|iPhone
		{56525153-F2A7-45C0-8DED-5071F46442EE}.Release|iPhoneSimulator.ActiveCfg = Release|iPhoneSimulator
		{56525153-F2A7-45C0-8DED-5071F46442EE}.Release|iPhoneSimulator.Build.0 = Release|iPhoneSimulator
		{64C4DC14-ACDA-4610-8158-06759DD38310}.Ad-Hoc|Any CPU.ActiveCfg = Release|Any CPU
		{64C4DC14-ACDA-4610-8158-06759DD38310}.Ad-Hoc|Any CPU.Build.0 = Release|Any CPU
		{64C4DC14-ACDA-4610-8158-06759DD38310}.Ad-Hoc|Any CPU.Deploy.0 = Release|Any CPU
		{64C4DC14-ACDA-4610-8158-06759DD38310}.Ad-Hoc|iPhone.ActiveCfg = Release|Any CPU
		{64C4DC14-ACDA-4610-8158-06759DD38310}.Ad-Hoc|iPhone.Build.0 = Release|Any CPU
		{64C4DC14-ACDA-4610-8158-06759DD38310}.Ad-Hoc|iPhone.Deploy.0 = Release|Any CPU
		{64C4DC14-ACDA-4610-8158-06759DD38310}.Ad-Hoc|iPhoneSimulator.ActiveCfg = Release|Any CPU
		{64C4DC14-ACDA-4610-8158-06759DD38310}.Ad-Hoc|iPhoneSimulator.Build.0 = Release|Any CPU
		{64C4DC14-ACDA-4610-8158-06759DD38310}.Ad-Hoc|iPhoneSimulator.Deploy.0 = Release|Any CPU
		{64C4DC14-ACDA-4610-8158-06759DD38310}.AppStore|Any CPU.ActiveCfg = Release|Any CPU
		{64C4DC14-ACDA-4610-8158-06759DD38310}.AppStore|Any CPU.Build.0 = Release|Any CPU
		{64C4DC14-ACDA-4610-8158-06759DD38310}.AppStore|Any CPU.Deploy.0 = Release|Any CPU
		{64C4DC14-ACDA-4610-8158-06759DD38310}.AppStore|iPhone.ActiveCfg = Release|Any CPU
		{64C4DC14-ACDA-4610-8158-06759DD38310}.AppStore|iPhone.Build.0 = Release|Any CPU
		{64C4DC14-ACDA-4610-8158-06759DD38310}.AppStore|iPhone.Deploy.0 = Release|Any CPU
		{64C4DC14-ACDA-4610-8158-06759DD38310}.AppStore|iPhoneSimulator.ActiveCfg = Release|Any CPU
		{64C4DC14-ACDA-4610-8158-06759DD38310}.AppStore|iPhoneSimulator.Build.0 = Release|Any CPU
		{64C4DC14-ACDA-4610-8158-06759DD38310}.AppStore|iPhoneSimulator.Deploy.0 = Release|Any CPU
		{64C4DC14-ACDA-4610-8158-06759DD38310}.Debug|Any CPU.ActiveCfg = Debug|Any CPU
		{64C4DC14-ACDA-4610-8158-06759DD38310}.Debug|Any CPU.Build.0 = Debug|Any CPU
		{64C4DC14-ACDA-4610-8158-06759DD38310}.Debug|Any CPU.Deploy.0 = Debug|Any CPU
		{64C4DC14-ACDA-4610-8158-06759DD38310}.Debug|iPhone.ActiveCfg = Debug|Any CPU
		{64C4DC14-ACDA-4610-8158-06759DD38310}.Debug|iPhone.Build.0 = Debug|Any CPU
		{64C4DC14-ACDA-4610-8158-06759DD38310}.Debug|iPhone.Deploy.0 = Debug|Any CPU
		{64C4DC14-ACDA-4610-8158-06759DD38310}.Debug|iPhoneSimulator.ActiveCfg = Debug|Any CPU
		{64C4DC14-ACDA-4610-8158-06759DD38310}.Debug|iPhoneSimulator.Build.0 = Debug|Any CPU
		{64C4DC14-ACDA-4610-8158-06759DD38310}.Debug|iPhoneSimulator.Deploy.0 = Debug|Any CPU
		{64C4DC14-ACDA-4610-8158-06759DD38310}.Release|Any CPU.ActiveCfg = Release|Any CPU
		{64C4DC14-ACDA-4610-8158-06759DD38310}.Release|Any CPU.Build.0 = Release|Any CPU
		{64C4DC14-ACDA-4610-8158-06759DD38310}.Release|Any CPU.Deploy.0 = Release|Any CPU
		{64C4DC14-ACDA-4610-8158-06759DD38310}.Release|iPhone.ActiveCfg = Release|Any CPU
		{64C4DC14-ACDA-4610-8158-06759DD38310}.Release|iPhone.Build.0 = Release|Any CPU
		{64C4DC14-ACDA-4610-8158-06759DD38310}.Release|iPhone.Deploy.0 = Release|Any CPU
		{64C4DC14-ACDA-4610-8158-06759DD38310}.Release|iPhoneSimulator.ActiveCfg = Release|Any CPU
		{64C4DC14-ACDA-4610-8158-06759DD38310}.Release|iPhoneSimulator.Build.0 = Release|Any CPU
		{64C4DC14-ACDA-4610-8158-06759DD38310}.Release|iPhoneSimulator.Deploy.0 = Release|Any CPU
		{C624DA30-E05C-487B-87B9-EA50930FE407}.Ad-Hoc|Any CPU.ActiveCfg = Release|iPhone
		{C624DA30-E05C-487B-87B9-EA50930FE407}.Ad-Hoc|Any CPU.Build.0 = Release|iPhone
		{C624DA30-E05C-487B-87B9-EA50930FE407}.Ad-Hoc|iPhone.ActiveCfg = Release|iPhone
		{C624DA30-E05C-487B-87B9-EA50930FE407}.Ad-Hoc|iPhone.Build.0 = Release|iPhone
		{C624DA30-E05C-487B-87B9-EA50930FE407}.Ad-Hoc|iPhoneSimulator.ActiveCfg = Release|iPhoneSimulator
		{C624DA30-E05C-487B-87B9-EA50930FE407}.Ad-Hoc|iPhoneSimulator.Build.0 = Release|iPhoneSimulator
		{C624DA30-E05C-487B-87B9-EA50930FE407}.AppStore|Any CPU.ActiveCfg = Release|iPhone
		{C624DA30-E05C-487B-87B9-EA50930FE407}.AppStore|Any CPU.Build.0 = Release|iPhone
		{C624DA30-E05C-487B-87B9-EA50930FE407}.AppStore|iPhone.ActiveCfg = Release|iPhone
		{C624DA30-E05C-487B-87B9-EA50930FE407}.AppStore|iPhone.Build.0 = Release|iPhone
		{C624DA30-E05C-487B-87B9-EA50930FE407}.AppStore|iPhoneSimulator.ActiveCfg = Release|iPhoneSimulator
		{C624DA30-E05C-487B-87B9-EA50930FE407}.AppStore|iPhoneSimulator.Build.0 = Release|iPhoneSimulator
		{C624DA30-E05C-487B-87B9-EA50930FE407}.Debug|Any CPU.ActiveCfg = Debug|iPhone
		{C624DA30-E05C-487B-87B9-EA50930FE407}.Debug|iPhone.ActiveCfg = Debug|iPhone
		{C624DA30-E05C-487B-87B9-EA50930FE407}.Debug|iPhone.Build.0 = Debug|iPhone
		{C624DA30-E05C-487B-87B9-EA50930FE407}.Debug|iPhoneSimulator.ActiveCfg = Debug|iPhoneSimulator
		{C624DA30-E05C-487B-87B9-EA50930FE407}.Debug|iPhoneSimulator.Build.0 = Debug|iPhoneSimulator
		{C624DA30-E05C-487B-87B9-EA50930FE407}.Release|Any CPU.ActiveCfg = Release|iPhone
		{C624DA30-E05C-487B-87B9-EA50930FE407}.Release|iPhone.ActiveCfg = Release|iPhone
		{C624DA30-E05C-487B-87B9-EA50930FE407}.Release|iPhone.Build.0 = Release|iPhone
		{C624DA30-E05C-487B-87B9-EA50930FE407}.Release|iPhoneSimulator.ActiveCfg = Release|iPhoneSimulator
		{C624DA30-E05C-487B-87B9-EA50930FE407}.Release|iPhoneSimulator.Build.0 = Release|iPhoneSimulator
	EndGlobalSection
	GlobalSection(SolutionProperties) = preSolution
		HideSolutionNode = FALSE
	EndGlobalSection
	GlobalSection(ExtensibilityGlobals) = postSolution
		SolutionGuid = {6E8F47DF-D2E1-464D-B1D9-06694304F74D}
	EndGlobalSection
EndGlobal
