
Microsoft Visual Studio Solution File, Format Version 12.00
# Visual Studio Version 16
VisualStudioVersion = 16.0.30002.166
MinimumVisualStudioVersion = 10.0.40219.1
Project("{9A19103F-16F7-4668-BE54-9A1E7A4F7556}") = "Taxi.Common", "Taxi.Common\Taxi.Common.csproj", "{BAFF23A4-40BC-4B14-A122-2DDB9CA1FECD}"
EndProject
Project("{9A19103F-16F7-4668-BE54-9A1E7A4F7556}") = "Taxi.Web", "Taxi.Web\Taxi.Web.csproj", "{5865E185-82EB-4B0E-96FC-DD183967477D}"
EndProject
Project("{FAE04EC0-301F-11D3-BF4B-00C04F79EFBC}") = "Taxi.Prism", "Taxi.Prism\Taxi.Prism\Taxi.Prism.csproj", "{CC643E3E-1EB9-4587-9071-22915B269FFE}"
EndProject
Project("{FAE04EC0-301F-11D3-BF4B-00C04F79EFBC}") = "Taxi.Prism.Android", "Taxi.Prism\Taxi.Prism.Android\Taxi.Prism.Android.csproj", "{BC25998C-1D74-43E0-8999-D068DAE20E90}"
EndProject
Project("{FAE04EC0-301F-11D3-BF4B-00C04F79EFBC}") = "Taxi.Prism.iOS", "Taxi.Prism\Taxi.Prism.iOS\Taxi.Prism.iOS.csproj", "{8C34B28D-9BE1-47B6-927C-BAA2B5F3B9DF}"
EndProject
Project("{FAE04EC0-301F-11D3-BF4B-00C04F79EFBC}") = "Taxi.Cross.Android", "Taxi.Cross.Android\Taxi.Cross.Android.csproj", "{2F4DE405-C62C-4E3D-AD7F-BA9DAD844F6D}"
EndProject
Project("{FAE04EC0-301F-11D3-BF4B-00C04F79EFBC}") = "Taxi.Cross.iOS", "Taxi.Cross.iOS\Taxi.Cross.iOS.csproj", "{EC069C46-470C-4CCE-B8C3-EC5AA3888DBC}"
EndProject
Global
	GlobalSection(SolutionConfigurationPlatforms) = preSolution
		Ad-Hoc|Any CPU = Ad-Hoc|Any CPU
		Ad-Hoc|iPhone = Ad-Hoc|iPhone
		Ad-Hoc|iPhoneSimulator = Ad-Hoc|iPhoneSimulator
		AppStore|Any CPU = AppStore|Any CPU
		AppStore|iPhone = AppStore|iPhone
		AppStore|iPhoneSimulator = AppStore|iPhoneSimulator
		Debug|Any CPU = Debug|Any CPU
		Debug|iPhone = Debug|iPhone
		Debug|iPhoneSimulator = Debug|iPhoneSimulator
		Release|Any CPU = Release|Any CPU
		Release|iPhone = Release|iPhone
		Release|iPhoneSimulator = Release|iPhoneSimulator
	EndGlobalSection
	GlobalSection(ProjectConfigurationPlatforms) = postSolution
		{BAFF23A4-40BC-4B14-A122-2DDB9CA1FECD}.Ad-Hoc|Any CPU.ActiveCfg = Release|Any CPU
		{BAFF23A4-40BC-4B14-A122-2DDB9CA1FECD}.Ad-Hoc|Any CPU.Build.0 = Release|Any CPU
		{BAFF23A4-40BC-4B14-A122-2DDB9CA1FECD}.Ad-Hoc|iPhone.ActiveCfg = Release|Any CPU
		{BAFF23A4-40BC-4B14-A122-2DDB9CA1FECD}.Ad-Hoc|iPhone.Build.0 = Release|Any CPU
		{BAFF23A4-40BC-4B14-A122-2DDB9CA1FECD}.Ad-Hoc|iPhoneSimulator.ActiveCfg = Release|Any CPU
		{BAFF23A4-40BC-4B14-A122-2DDB9CA1FECD}.Ad-Hoc|iPhoneSimulator.Build.0 = Release|Any CPU
		{BAFF23A4-40BC-4B14-A122-2DDB9CA1FECD}.AppStore|Any CPU.ActiveCfg = Release|Any CPU
		{BAFF23A4-40BC-4B14-A122-2DDB9CA1FECD}.AppStore|Any CPU.Build.0 = Release|Any CPU
		{BAFF23A4-40BC-4B14-A122-2DDB9CA1FECD}.AppStore|iPhone.ActiveCfg = Release|Any CPU
		{BAFF23A4-40BC-4B14-A122-2DDB9CA1FECD}.AppStore|iPhone.Build.0 = Release|Any CPU
		{BAFF23A4-40BC-4B14-A122-2DDB9CA1FECD}.AppStore|iPhoneSimulator.ActiveCfg = Release|Any CPU
		{BAFF23A4-40BC-4B14-A122-2DDB9CA1FECD}.AppStore|iPhoneSimulator.Build.0 = Release|Any CPU
		{BAFF23A4-40BC-4B14-A122-2DDB9CA1FECD}.Debug|Any CPU.ActiveCfg = Debug|Any CPU
		{BAFF23A4-40BC-4B14-A122-2DDB9CA1FECD}.Debug|Any CPU.Build.0 = Debug|Any CPU
		{BAFF23A4-40BC-4B14-A122-2DDB9CA1FECD}.Debug|iPhone.ActiveCfg = Debug|Any CPU
		{BAFF23A4-40BC-4B14-A122-2DDB9CA1FECD}.Debug|iPhone.Build.0 = Debug|Any CPU
		{BAFF23A4-40BC-4B14-A122-2DDB9CA1FECD}.Debug|iPhoneSimulator.ActiveCfg = Debug|Any CPU
		{BAFF23A4-40BC-4B14-A122-2DDB9CA1FECD}.Debug|iPhoneSimulator.Build.0 = Debug|Any CPU
		{BAFF23A4-40BC-4B14-A122-2DDB9CA1FECD}.Release|Any CPU.ActiveCfg = Release|Any CPU
		{BAFF23A4-40BC-4B14-A122-2DDB9CA1FECD}.Release|Any CPU.Build.0 = Release|Any CPU
		{BAFF23A4-40BC-4B14-A122-2DDB9CA1FECD}.Release|iPhone.ActiveCfg = Release|Any CPU
		{BAFF23A4-40BC-4B14-A122-2DDB9CA1FECD}.Release|iPhone.Build.0 = Release|Any CPU
		{BAFF23A4-40BC-4B14-A122-2DDB9CA1FECD}.Release|iPhoneSimulator.ActiveCfg = Release|Any CPU
		{BAFF23A4-40BC-4B14-A122-2DDB9CA1FECD}.Release|iPhoneSimulator.Build.0 = Release|Any CPU
		{5865E185-82EB-4B0E-96FC-DD183967477D}.Ad-Hoc|Any CPU.ActiveCfg = Release|Any CPU
		{5865E185-82EB-4B0E-96FC-DD183967477D}.Ad-Hoc|Any CPU.Build.0 = Release|Any CPU
		{5865E185-82EB-4B0E-96FC-DD183967477D}.Ad-Hoc|iPhone.ActiveCfg = Release|Any CPU
		{5865E185-82EB-4B0E-96FC-DD183967477D}.Ad-Hoc|iPhone.Build.0 = Release|Any CPU
		{5865E185-82EB-4B0E-96FC-DD183967477D}.Ad-Hoc|iPhoneSimulator.ActiveCfg = Release|Any CPU
		{5865E185-82EB-4B0E-96FC-DD183967477D}.Ad-Hoc|iPhoneSimulator.Build.0 = Release|Any CPU
		{5865E185-82EB-4B0E-96FC-DD183967477D}.AppStore|Any CPU.ActiveCfg = Release|Any CPU
		{5865E185-82EB-4B0E-96FC-DD183967477D}.AppStore|Any CPU.Build.0 = Release|Any CPU
		{5865E185-82EB-4B0E-96FC-DD183967477D}.AppStore|iPhone.ActiveCfg = Release|Any CPU
		{5865E185-82EB-4B0E-96FC-DD183967477D}.AppStore|iPhone.Build.0 = Release|Any CPU
		{5865E185-82EB-4B0E-96FC-DD183967477D}.AppStore|iPhoneSimulator.ActiveCfg = Release|Any CPU
		{5865E185-82EB-4B0E-96FC-DD183967477D}.AppStore|iPhoneSimulator.Build.0 = Release|Any CPU
		{5865E185-82EB-4B0E-96FC-DD183967477D}.Debug|Any CPU.ActiveCfg = Debug|Any CPU
		{5865E185-82EB-4B0E-96FC-DD183967477D}.Debug|Any CPU.Build.0 = Debug|Any CPU
		{5865E185-82EB-4B0E-96FC-DD183967477D}.Debug|iPhone.ActiveCfg = Debug|Any CPU
		{5865E185-82EB-4B0E-96FC-DD183967477D}.Debug|iPhone.Build.0 = Debug|Any CPU
		{5865E185-82EB-4B0E-96FC-DD183967477D}.Debug|iPhoneSimulator.ActiveCfg = Debug|Any CPU
		{5865E185-82EB-4B0E-96FC-DD183967477D}.Debug|iPhoneSimulator.Build.0 = Debug|Any CPU
		{5865E185-82EB-4B0E-96FC-DD183967477D}.Release|Any CPU.ActiveCfg = Release|Any CPU
		{5865E185-82EB-4B0E-96FC-DD183967477D}.Release|Any CPU.Build.0 = Release|Any CPU
		{5865E185-82EB-4B0E-96FC-DD183967477D}.Release|iPhone.ActiveCfg = Release|Any CPU
		{5865E185-82EB-4B0E-96FC-DD183967477D}.Release|iPhone.Build.0 = Release|Any CPU
		{5865E185-82EB-4B0E-96FC-DD183967477D}.Release|iPhoneSimulator.ActiveCfg = Release|Any CPU
		{5865E185-82EB-4B0E-96FC-DD183967477D}.Release|iPhoneSimulator.Build.0 = Release|Any CPU
		{CC643E3E-1EB9-4587-9071-22915B269FFE}.Ad-Hoc|Any CPU.ActiveCfg = Debug|Any CPU
		{CC643E3E-1EB9-4587-9071-22915B269FFE}.Ad-Hoc|Any CPU.Build.0 = Debug|Any CPU
		{CC643E3E-1EB9-4587-9071-22915B269FFE}.Ad-Hoc|iPhone.ActiveCfg = Debug|Any CPU
		{CC643E3E-1EB9-4587-9071-22915B269FFE}.Ad-Hoc|iPhone.Build.0 = Debug|Any CPU
		{CC643E3E-1EB9-4587-9071-22915B269FFE}.Ad-Hoc|iPhoneSimulator.ActiveCfg = Debug|Any CPU
		{CC643E3E-1EB9-4587-9071-22915B269FFE}.Ad-Hoc|iPhoneSimulator.Build.0 = Debug|Any CPU
		{CC643E3E-1EB9-4587-9071-22915B269FFE}.AppStore|Any CPU.ActiveCfg = Debug|Any CPU
		{CC643E3E-1EB9-4587-9071-22915B269FFE}.AppStore|Any CPU.Build.0 = Debug|Any CPU
		{CC643E3E-1EB9-4587-9071-22915B269FFE}.AppStore|iPhone.ActiveCfg = Debug|Any CPU
		{CC643E3E-1EB9-4587-9071-22915B269FFE}.AppStore|iPhone.Build.0 = Debug|Any CPU
		{CC643E3E-1EB9-4587-9071-22915B269FFE}.AppStore|iPhoneSimulator.ActiveCfg = Debug|Any CPU
		{CC643E3E-1EB9-4587-9071-22915B269FFE}.AppStore|iPhoneSimulator.Build.0 = Debug|Any CPU
		{CC643E3E-1EB9-4587-9071-22915B269FFE}.Debug|Any CPU.ActiveCfg = Debug|Any CPU
		{CC643E3E-1EB9-4587-9071-22915B269FFE}.Debug|Any CPU.Build.0 = Debug|Any CPU
		{CC643E3E-1EB9-4587-9071-22915B269FFE}.Debug|iPhone.ActiveCfg = Debug|Any CPU
		{CC643E3E-1EB9-4587-9071-22915B269FFE}.Debug|iPhone.Build.0 = Debug|Any CPU
		{CC643E3E-1EB9-4587-9071-22915B269FFE}.Debug|iPhoneSimulator.ActiveCfg = Debug|Any CPU
		{CC643E3E-1EB9-4587-9071-22915B269FFE}.Debug|iPhoneSimulator.Build.0 = Debug|Any CPU
		{CC643E3E-1EB9-4587-9071-22915B269FFE}.Release|Any CPU.ActiveCfg = Release|Any CPU
		{CC643E3E-1EB9-4587-9071-22915B269FFE}.Release|Any CPU.Build.0 = Release|Any CPU
		{CC643E3E-1EB9-4587-9071-22915B269FFE}.Release|iPhone.ActiveCfg = Release|Any CPU
		{CC643E3E-1EB9-4587-9071-22915B269FFE}.Release|iPhone.Build.0 = Release|Any CPU
		{CC643E3E-1EB9-4587-9071-22915B269FFE}.Release|iPhoneSimulator.ActiveCfg = Release|Any CPU
		{CC643E3E-1EB9-4587-9071-22915B269FFE}.Release|iPhoneSimulator.Build.0 = Release|Any CPU
		{BC25998C-1D74-43E0-8999-D068DAE20E90}.Ad-Hoc|Any CPU.ActiveCfg = Release|Any CPU
		{BC25998C-1D74-43E0-8999-D068DAE20E90}.Ad-Hoc|Any CPU.Build.0 = Release|Any CPU
		{BC25998C-1D74-43E0-8999-D068DAE20E90}.Ad-Hoc|Any CPU.Deploy.0 = Release|Any CPU
		{BC25998C-1D74-43E0-8999-D068DAE20E90}.Ad-Hoc|iPhone.ActiveCfg = Release|Any CPU
		{BC25998C-1D74-43E0-8999-D068DAE20E90}.Ad-Hoc|iPhone.Build.0 = Release|Any CPU
		{BC25998C-1D74-43E0-8999-D068DAE20E90}.Ad-Hoc|iPhone.Deploy.0 = Release|Any CPU
		{BC25998C-1D74-43E0-8999-D068DAE20E90}.Ad-Hoc|iPhoneSimulator.ActiveCfg = Release|Any CPU
		{BC25998C-1D74-43E0-8999-D068DAE20E90}.Ad-Hoc|iPhoneSimulator.Build.0 = Release|Any CPU
		{BC25998C-1D74-43E0-8999-D068DAE20E90}.Ad-Hoc|iPhoneSimulator.Deploy.0 = Release|Any CPU
		{BC25998C-1D74-43E0-8999-D068DAE20E90}.AppStore|Any CPU.ActiveCfg = Release|Any CPU
		{BC25998C-1D74-43E0-8999-D068DAE20E90}.AppStore|Any CPU.Build.0 = Release|Any CPU
		{BC25998C-1D74-43E0-8999-D068DAE20E90}.AppStore|Any CPU.Deploy.0 = Release|Any CPU
		{BC25998C-1D74-43E0-8999-D068DAE20E90}.AppStore|iPhone.ActiveCfg = Release|Any CPU
		{BC25998C-1D74-43E0-8999-D068DAE20E90}.AppStore|iPhone.Build.0 = Release|Any CPU
		{BC25998C-1D74-43E0-8999-D068DAE20E90}.AppStore|iPhone.Deploy.0 = Release|Any CPU
		{BC25998C-1D74-43E0-8999-D068DAE20E90}.AppStore|iPhoneSimulator.ActiveCfg = Release|Any CPU
		{BC25998C-1D74-43E0-8999-D068DAE20E90}.AppStore|iPhoneSimulator.Build.0 = Release|Any CPU
		{BC25998C-1D74-43E0-8999-D068DAE20E90}.AppStore|iPhoneSimulator.Deploy.0 = Release|Any CPU
		{BC25998C-1D74-43E0-8999-D068DAE20E90}.Debug|Any CPU.ActiveCfg = Debug|Any CPU
		{BC25998C-1D74-43E0-8999-D068DAE20E90}.Debug|Any CPU.Build.0 = Debug|Any CPU
		{BC25998C-1D74-43E0-8999-D068DAE20E90}.Debug|Any CPU.Deploy.0 = Debug|Any CPU
		{BC25998C-1D74-43E0-8999-D068DAE20E90}.Debug|iPhone.ActiveCfg = Debug|Any CPU
		{BC25998C-1D74-43E0-8999-D068DAE20E90}.Debug|iPhone.Build.0 = Debug|Any CPU
		{BC25998C-1D74-43E0-8999-D068DAE20E90}.Debug|iPhone.Deploy.0 = Debug|Any CPU
		{BC25998C-1D74-43E0-8999-D068DAE20E90}.Debug|iPhoneSimulator.ActiveCfg = Debug|Any CPU
		{BC25998C-1D74-43E0-8999-D068DAE20E90}.Debug|iPhoneSimulator.Build.0 = Debug|Any CPU
		{BC25998C-1D74-43E0-8999-D068DAE20E90}.Debug|iPhoneSimulator.Deploy.0 = Debug|Any CPU
		{BC25998C-1D74-43E0-8999-D068DAE20E90}.Release|Any CPU.ActiveCfg = Release|Any CPU
		{BC25998C-1D74-43E0-8999-D068DAE20E90}.Release|Any CPU.Build.0 = Release|Any CPU
		{BC25998C-1D74-43E0-8999-D068DAE20E90}.Release|Any CPU.Deploy.0 = Release|Any CPU
		{BC25998C-1D74-43E0-8999-D068DAE20E90}.Release|iPhone.ActiveCfg = Release|Any CPU
		{BC25998C-1D74-43E0-8999-D068DAE20E90}.Release|iPhone.Build.0 = Release|Any CPU
		{BC25998C-1D74-43E0-8999-D068DAE20E90}.Release|iPhone.Deploy.0 = Release|Any CPU
		{BC25998C-1D74-43E0-8999-D068DAE20E90}.Release|iPhoneSimulator.ActiveCfg = Release|Any CPU
		{BC25998C-1D74-43E0-8999-D068DAE20E90}.Release|iPhoneSimulator.Build.0 = Release|Any CPU
		{BC25998C-1D74-43E0-8999-D068DAE20E90}.Release|iPhoneSimulator.Deploy.0 = Release|Any CPU
		{8C34B28D-9BE1-47B6-927C-BAA2B5F3B9DF}.Ad-Hoc|Any CPU.ActiveCfg = Ad-Hoc|iPhone
		{8C34B28D-9BE1-47B6-927C-BAA2B5F3B9DF}.Ad-Hoc|iPhone.ActiveCfg = Ad-Hoc|iPhone
		{8C34B28D-9BE1-47B6-927C-BAA2B5F3B9DF}.Ad-Hoc|iPhone.Build.0 = Ad-Hoc|iPhone
		{8C34B28D-9BE1-47B6-927C-BAA2B5F3B9DF}.Ad-Hoc|iPhoneSimulator.ActiveCfg = Ad-Hoc|iPhoneSimulator
		{8C34B28D-9BE1-47B6-927C-BAA2B5F3B9DF}.Ad-Hoc|iPhoneSimulator.Build.0 = Ad-Hoc|iPhoneSimulator
		{8C34B28D-9BE1-47B6-927C-BAA2B5F3B9DF}.AppStore|Any CPU.ActiveCfg = AppStore|iPhone
		{8C34B28D-9BE1-47B6-927C-BAA2B5F3B9DF}.AppStore|iPhone.ActiveCfg = AppStore|iPhone
		{8C34B28D-9BE1-47B6-927C-BAA2B5F3B9DF}.AppStore|iPhone.Build.0 = AppStore|iPhone
		{8C34B28D-9BE1-47B6-927C-BAA2B5F3B9DF}.AppStore|iPhoneSimulator.ActiveCfg = AppStore|iPhoneSimulator
		{8C34B28D-9BE1-47B6-927C-BAA2B5F3B9DF}.AppStore|iPhoneSimulator.Build.0 = AppStore|iPhoneSimulator
		{8C34B28D-9BE1-47B6-927C-BAA2B5F3B9DF}.Debug|Any CPU.ActiveCfg = Debug|iPhone
		{8C34B28D-9BE1-47B6-927C-BAA2B5F3B9DF}.Debug|iPhone.ActiveCfg = Debug|iPhone
		{8C34B28D-9BE1-47B6-927C-BAA2B5F3B9DF}.Debug|iPhone.Build.0 = Debug|iPhone
		{8C34B28D-9BE1-47B6-927C-BAA2B5F3B9DF}.Debug|iPhoneSimulator.ActiveCfg = Debug|iPhoneSimulator
		{8C34B28D-9BE1-47B6-927C-BAA2B5F3B9DF}.Debug|iPhoneSimulator.Build.0 = Debug|iPhoneSimulator
		{8C34B28D-9BE1-47B6-927C-BAA2B5F3B9DF}.Release|Any CPU.ActiveCfg = Release|iPhone
		{8C34B28D-9BE1-47B6-927C-BAA2B5F3B9DF}.Release|iPhone.ActiveCfg = Release|iPhone
		{8C34B28D-9BE1-47B6-927C-BAA2B5F3B9DF}.Release|iPhone.Build.0 = Release|iPhone
		{8C34B28D-9BE1-47B6-927C-BAA2B5F3B9DF}.Release|iPhoneSimulator.ActiveCfg = Release|iPhoneSimulator
		{8C34B28D-9BE1-47B6-927C-BAA2B5F3B9DF}.Release|iPhoneSimulator.Build.0 = Release|iPhoneSimulator
		{2F4DE405-C62C-4E3D-AD7F-BA9DAD844F6D}.Ad-Hoc|Any CPU.ActiveCfg = Release|Any CPU
		{2F4DE405-C62C-4E3D-AD7F-BA9DAD844F6D}.Ad-Hoc|Any CPU.Build.0 = Release|Any CPU
		{2F4DE405-C62C-4E3D-AD7F-BA9DAD844F6D}.Ad-Hoc|Any CPU.Deploy.0 = Release|Any CPU
		{2F4DE405-C62C-4E3D-AD7F-BA9DAD844F6D}.Ad-Hoc|iPhone.ActiveCfg = Release|Any CPU
		{2F4DE405-C62C-4E3D-AD7F-BA9DAD844F6D}.Ad-Hoc|iPhone.Build.0 = Release|Any CPU
		{2F4DE405-C62C-4E3D-AD7F-BA9DAD844F6D}.Ad-Hoc|iPhone.Deploy.0 = Release|Any CPU
		{2F4DE405-C62C-4E3D-AD7F-BA9DAD844F6D}.Ad-Hoc|iPhoneSimulator.ActiveCfg = Release|Any CPU
		{2F4DE405-C62C-4E3D-AD7F-BA9DAD844F6D}.Ad-Hoc|iPhoneSimulator.Build.0 = Release|Any CPU
		{2F4DE405-C62C-4E3D-AD7F-BA9DAD844F6D}.Ad-Hoc|iPhoneSimulator.Deploy.0 = Release|Any CPU
		{2F4DE405-C62C-4E3D-AD7F-BA9DAD844F6D}.AppStore|Any CPU.ActiveCfg = Release|Any CPU
		{2F4DE405-C62C-4E3D-AD7F-BA9DAD844F6D}.AppStore|Any CPU.Build.0 = Release|Any CPU
		{2F4DE405-C62C-4E3D-AD7F-BA9DAD844F6D}.AppStore|Any CPU.Deploy.0 = Release|Any CPU
		{2F4DE405-C62C-4E3D-AD7F-BA9DAD844F6D}.AppStore|iPhone.ActiveCfg = Release|Any CPU
		{2F4DE405-C62C-4E3D-AD7F-BA9DAD844F6D}.AppStore|iPhone.Build.0 = Release|Any CPU
		{2F4DE405-C62C-4E3D-AD7F-BA9DAD844F6D}.AppStore|iPhone.Deploy.0 = Release|Any CPU
		{2F4DE405-C62C-4E3D-AD7F-BA9DAD844F6D}.AppStore|iPhoneSimulator.ActiveCfg = Release|Any CPU
		{2F4DE405-C62C-4E3D-AD7F-BA9DAD844F6D}.AppStore|iPhoneSimulator.Build.0 = Release|Any CPU
		{2F4DE405-C62C-4E3D-AD7F-BA9DAD844F6D}.AppStore|iPhoneSimulator.Deploy.0 = Release|Any CPU
		{2F4DE405-C62C-4E3D-AD7F-BA9DAD844F6D}.Debug|Any CPU.ActiveCfg = Debug|Any CPU
		{2F4DE405-C62C-4E3D-AD7F-BA9DAD844F6D}.Debug|Any CPU.Build.0 = Debug|Any CPU
		{2F4DE405-C62C-4E3D-AD7F-BA9DAD844F6D}.Debug|Any CPU.Deploy.0 = Debug|Any CPU
		{2F4DE405-C62C-4E3D-AD7F-BA9DAD844F6D}.Debug|iPhone.ActiveCfg = Debug|Any CPU
		{2F4DE405-C62C-4E3D-AD7F-BA9DAD844F6D}.Debug|iPhone.Build.0 = Debug|Any CPU
		{2F4DE405-C62C-4E3D-AD7F-BA9DAD844F6D}.Debug|iPhone.Deploy.0 = Debug|Any CPU
		{2F4DE405-C62C-4E3D-AD7F-BA9DAD844F6D}.Debug|iPhoneSimulator.ActiveCfg = Debug|Any CPU
		{2F4DE405-C62C-4E3D-AD7F-BA9DAD844F6D}.Debug|iPhoneSimulator.Build.0 = Debug|Any CPU
		{2F4DE405-C62C-4E3D-AD7F-BA9DAD844F6D}.Debug|iPhoneSimulator.Deploy.0 = Debug|Any CPU
		{2F4DE405-C62C-4E3D-AD7F-BA9DAD844F6D}.Release|Any CPU.ActiveCfg = Release|Any CPU
		{2F4DE405-C62C-4E3D-AD7F-BA9DAD844F6D}.Release|Any CPU.Build.0 = Release|Any CPU
		{2F4DE405-C62C-4E3D-AD7F-BA9DAD844F6D}.Release|Any CPU.Deploy.0 = Release|Any CPU
		{2F4DE405-C62C-4E3D-AD7F-BA9DAD844F6D}.Release|iPhone.ActiveCfg = Release|Any CPU
		{2F4DE405-C62C-4E3D-AD7F-BA9DAD844F6D}.Release|iPhone.Build.0 = Release|Any CPU
		{2F4DE405-C62C-4E3D-AD7F-BA9DAD844F6D}.Release|iPhone.Deploy.0 = Release|Any CPU
		{2F4DE405-C62C-4E3D-AD7F-BA9DAD844F6D}.Release|iPhoneSimulator.ActiveCfg = Release|Any CPU
		{2F4DE405-C62C-4E3D-AD7F-BA9DAD844F6D}.Release|iPhoneSimulator.Build.0 = Release|Any CPU
		{2F4DE405-C62C-4E3D-AD7F-BA9DAD844F6D}.Release|iPhoneSimulator.Deploy.0 = Release|Any CPU
		{EC069C46-470C-4CCE-B8C3-EC5AA3888DBC}.Ad-Hoc|Any CPU.ActiveCfg = Release|iPhone
		{EC069C46-470C-4CCE-B8C3-EC5AA3888DBC}.Ad-Hoc|Any CPU.Build.0 = Release|iPhone
		{EC069C46-470C-4CCE-B8C3-EC5AA3888DBC}.Ad-Hoc|iPhone.ActiveCfg = Release|iPhone
		{EC069C46-470C-4CCE-B8C3-EC5AA3888DBC}.Ad-Hoc|iPhone.Build.0 = Release|iPhone
		{EC069C46-470C-4CCE-B8C3-EC5AA3888DBC}.Ad-Hoc|iPhoneSimulator.ActiveCfg = Release|iPhoneSimulator
		{EC069C46-470C-4CCE-B8C3-EC5AA3888DBC}.Ad-Hoc|iPhoneSimulator.Build.0 = Release|iPhoneSimulator
		{EC069C46-470C-4CCE-B8C3-EC5AA3888DBC}.AppStore|Any CPU.ActiveCfg = Release|iPhone
		{EC069C46-470C-4CCE-B8C3-EC5AA3888DBC}.AppStore|Any CPU.Build.0 = Release|iPhone
		{EC069C46-470C-4CCE-B8C3-EC5AA3888DBC}.AppStore|iPhone.ActiveCfg = Release|iPhone
		{EC069C46-470C-4CCE-B8C3-EC5AA3888DBC}.AppStore|iPhone.Build.0 = Release|iPhone
		{EC069C46-470C-4CCE-B8C3-EC5AA3888DBC}.AppStore|iPhoneSimulator.ActiveCfg = Release|iPhoneSimulator
		{EC069C46-470C-4CCE-B8C3-EC5AA3888DBC}.AppStore|iPhoneSimulator.Build.0 = Release|iPhoneSimulator
		{EC069C46-470C-4CCE-B8C3-EC5AA3888DBC}.Debug|Any CPU.ActiveCfg = Debug|iPhone
		{EC069C46-470C-4CCE-B8C3-EC5AA3888DBC}.Debug|iPhone.ActiveCfg = Debug|iPhone
		{EC069C46-470C-4CCE-B8C3-EC5AA3888DBC}.Debug|iPhone.Build.0 = Debug|iPhone
		{EC069C46-470C-4CCE-B8C3-EC5AA3888DBC}.Debug|iPhoneSimulator.ActiveCfg = Debug|iPhoneSimulator
		{EC069C46-470C-4CCE-B8C3-EC5AA3888DBC}.Debug|iPhoneSimulator.Build.0 = Debug|iPhoneSimulator
		{EC069C46-470C-4CCE-B8C3-EC5AA3888DBC}.Release|Any CPU.ActiveCfg = Release|iPhone
		{EC069C46-470C-4CCE-B8C3-EC5AA3888DBC}.Release|iPhone.ActiveCfg = Release|iPhone
		{EC069C46-470C-4CCE-B8C3-EC5AA3888DBC}.Release|iPhone.Build.0 = Release|iPhone
		{EC069C46-470C-4CCE-B8C3-EC5AA3888DBC}.Release|iPhoneSimulator.ActiveCfg = Release|iPhoneSimulator
		{EC069C46-470C-4CCE-B8C3-EC5AA3888DBC}.Release|iPhoneSimulator.Build.0 = Release|iPhoneSimulator
	EndGlobalSection
	GlobalSection(SolutionProperties) = preSolution
		HideSolutionNode = FALSE
	EndGlobalSection
	GlobalSection(ExtensibilityGlobals) = postSolution
		SolutionGuid = {6E8F47DF-D2E1-464D-B1D9-06694304F74D}
	EndGlobalSection
EndGlobal
